
Microsoft Visual Studio Solution File, Format Version 12.00
# Visual Studio 15
VisualStudioVersion = 15.0.28307.539
MinimumVisualStudioVersion = 10.0.40219.1
Project("{FAE04EC0-301F-11D3-BF4B-00C04F79EFBC}") = "KeyboardPing", "KeyboardPing\KeyboardPing.csproj", "{D4D1FAB6-B115-4AA8-A324-C897B4469FAB}"
EndProject
Global
	GlobalSection(SolutionConfigurationPlatforms) = preSolution
		Debug|Any CPU = Debug|Any CPU
		Release|Any CPU = Release|Any CPU
	EndGlobalSection
	GlobalSection(ProjectConfigurationPlatforms) = postSolution
		{D4D1FAB6-B115-4AA8-A324-C897B4469FAB}.Debug|Any CPU.ActiveCfg = Debug|Any CPU
		{D4D1FAB6-B115-4AA8-A324-C897B4469FAB}.Debug|Any CPU.Build.0 = Debug|Any CPU
		{D4D1FAB6-B115-4AA8-A324-C897B4469FAB}.Release|Any CPU.ActiveCfg = Release|Any CPU
		{D4D1FAB6-B115-4AA8-A324-C897B4469FAB}.Release|Any CPU.Build.0 = Release|Any CPU
	EndGlobalSection
	GlobalSection(SolutionProperties) = preSolution
		HideSolutionNode = FALSE
	EndGlobalSection
	GlobalSection(ExtensibilityGlobals) = postSolution
		SolutionGuid = {E8F62083-2EFC-47BF-AE36-4E661E1DF08E}
	EndGlobalSection
EndGlobal
